
Microsoft Visual Studio Solution File, Format Version 12.00
# Visual Studio Version 17
VisualStudioVersion = 17.5.33424.131
MinimumVisualStudioVersion = 10.0.40219.1
Project("{FAE04EC0-301F-11D3-BF4B-00C04F79EFBC}") = "AlgorithmsAndDataStructure", "AlgorithmsAndDataStructure\AlgorithmsAndDataStructure.csproj", "{92ADD59A-46A5-4500-B8A4-EE09CEC52265}"
EndProject
Project("{FAE04EC0-301F-11D3-BF4B-00C04F79EFBC}") = "UnitTestProject", "UnitTestProject\UnitTestProject.csproj", "{FED1BDFD-410A-4A9A-AD81-7B58B8FBD678}"
EndProject
Global
	GlobalSection(SolutionConfigurationPlatforms) = preSolution
		Debug|Any CPU = Debug|Any CPU
		Release|Any CPU = Release|Any CPU
	EndGlobalSection
	GlobalSection(ProjectConfigurationPlatforms) = postSolution
		{92ADD59A-46A5-4500-B8A4-EE09CEC52265}.Debug|Any CPU.ActiveCfg = Debug|Any CPU
		{92ADD59A-46A5-4500-B8A4-EE09CEC52265}.Debug|Any CPU.Build.0 = Debug|Any CPU
		{92ADD59A-46A5-4500-B8A4-EE09CEC52265}.Release|Any CPU.ActiveCfg = Release|Any CPU
		{92ADD59A-46A5-4500-B8A4-EE09CEC52265}.Release|Any CPU.Build.0 = Release|Any CPU
		{FED1BDFD-410A-4A9A-AD81-7B58B8FBD678}.Debug|Any CPU.ActiveCfg = Debug|Any CPU
		{FED1BDFD-410A-4A9A-AD81-7B58B8FBD678}.Debug|Any CPU.Build.0 = Debug|Any CPU
		{FED1BDFD-410A-4A9A-AD81-7B58B8FBD678}.Release|Any CPU.ActiveCfg = Release|Any CPU
		{FED1BDFD-410A-4A9A-AD81-7B58B8FBD678}.Release|Any CPU.Build.0 = Release|Any CPU
	EndGlobalSection
	GlobalSection(SolutionProperties) = preSolution
		HideSolutionNode = FALSE
	EndGlobalSection
	GlobalSection(ExtensibilityGlobals) = postSolution
		SolutionGuid = {E8295910-27FC-461D-B9B0-63CD153D5A67}
	EndGlobalSection
EndGlobal
